
Microsoft Visual Studio Solution File, Format Version 12.00
# Visual Studio Version 17
VisualStudioVersion = 17.6.33815.320
MinimumVisualStudioVersion = 10.0.40219.1
Project("{FAE04EC0-301F-11D3-BF4B-00C04F79EFBC}") = "SchoolWeb", "SchoolProject\SchoolWeb.csproj", "{A3205805-E6DD-458F-9751-0C22CBDD9953}"
EndProject
Project("{2150E333-8FDC-42A3-9474-1A3956D46DE8}") = "School", "School", "{28F58E6D-DD16-4DC1-975C-7C66240C2899}"
EndProject
Project("{2150E333-8FDC-42A3-9474-1A3956D46DE8}") = "Apartment", "Apartment", "{92BD5554-7409-46B8-8A51-C74E09484853}"
EndProject
Project("{FAE04EC0-301F-11D3-BF4B-00C04F79EFBC}") = "ApartmentWeb", "ApartmentProject\ApartmentWeb.csproj", "{25560C4D-A596-40E5-8CFC-D8321F78531A}"
EndProject
Project("{2150E333-8FDC-42A3-9474-1A3956D46DE8}") = "Tourism", "Tourism", "{167873C0-26C0-41CC-8B3B-5A593042E8F9}"
EndProject
Project("{FAE04EC0-301F-11D3-BF4B-00C04F79EFBC}") = "TourismWeb", "TourismProject\TourismWeb.csproj", "{2B4137C7-6EE4-441E-893C-C2CA1EA9F5A5}"
EndProject
Project("{2150E333-8FDC-42A3-9474-1A3956D46DE8}") = "Car", "Car", "{180491ED-C1E3-45BD-A410-FFE91BC0ADC5}"
EndProject
Project("{FAE04EC0-301F-11D3-BF4B-00C04F79EFBC}") = "CarWeb", "CarProject\CarWeb.csproj", "{4CF9E337-AC4B-40EB-8DC1-30E042EF78F1}"
EndProject
Project("{FAE04EC0-301F-11D3-BF4B-00C04F79EFBC}") = "ApartmentApplication", "Application\ApartmentApplication.csproj", "{6558BC72-CB38-4222-A27A-0959042E020B}"
EndProject
Project("{FAE04EC0-301F-11D3-BF4B-00C04F79EFBC}") = "ApartmentDomain", "Domain\ApartmentDomain.csproj", "{0E2ABF5E-A0BD-4B70-B602-8EFD432C24F9}"
EndProject
Project("{FAE04EC0-301F-11D3-BF4B-00C04F79EFBC}") = "ApartmentInfrastructure", "Infrastructure\ApartmentInfrastructure.csproj", "{31CDD7EF-6DAE-48CE-B954-F85F98BA2301}"
EndProject
Project("{FAE04EC0-301F-11D3-BF4B-00C04F79EFBC}") = "CarInfrastructure", "CarInfrastructure\CarInfrastructure.csproj", "{14504C23-8902-4FD1-B5FE-8966CC55F1D2}"
EndProject
Project("{FAE04EC0-301F-11D3-BF4B-00C04F79EFBC}") = "CarApplication", "CarApplication\CarApplication.csproj", "{7AEA86B0-F24B-40F0-B0F1-37E5B4FE0E3A}"
EndProject
Project("{FAE04EC0-301F-11D3-BF4B-00C04F79EFBC}") = "CarDomain", "CarDomain\CarDomain.csproj", "{80BE90AD-1444-4CB9-BB42-DF71DBFFC3DC}"
EndProject
Project("{FAE04EC0-301F-11D3-BF4B-00C04F79EFBC}") = "SchoolApplication", "SchoolApplication\SchoolApplication.csproj", "{4257808F-8255-46E4-81E6-C9E10DA0A38F}"
EndProject
Project("{FAE04EC0-301F-11D3-BF4B-00C04F79EFBC}") = "SchoolDomain", "SchoolDomain\SchoolDomain.csproj", "{E47D7975-B189-46F9-B000-77D141BA52DC}"
EndProject
Project("{FAE04EC0-301F-11D3-BF4B-00C04F79EFBC}") = "SchoolInfrastructure", "SchoolInfrastructure\SchoolInfrastructure.csproj", "{DF2D9500-62AC-4D46-812C-52DD76C4B3E8}"
EndProject
Project("{FAE04EC0-301F-11D3-BF4B-00C04F79EFBC}") = "TourismApplication", "TourismApplication\TourismApplication.csproj", "{6D984FCA-D4F6-4236-8B00-E80473A1F04D}"
EndProject
Project("{FAE04EC0-301F-11D3-BF4B-00C04F79EFBC}") = "TourismDomain", "TourismDomain\TourismDomain.csproj", "{CA599B4C-BD15-4AB2-8C5B-8519B844F9E9}"
EndProject
Project("{FAE04EC0-301F-11D3-BF4B-00C04F79EFBC}") = "TourismInfrastructure", "TourismInfrastructure\TourismInfrastructure.csproj", "{72925221-D29E-471A-A30F-7C4309BC5974}"
EndProject
Global
	GlobalSection(SolutionConfigurationPlatforms) = preSolution
		Debug|Any CPU = Debug|Any CPU
		Release|Any CPU = Release|Any CPU
	EndGlobalSection
	GlobalSection(ProjectConfigurationPlatforms) = postSolution
		{A3205805-E6DD-458F-9751-0C22CBDD9953}.Debug|Any CPU.ActiveCfg = Debug|Any CPU
		{A3205805-E6DD-458F-9751-0C22CBDD9953}.Debug|Any CPU.Build.0 = Debug|Any CPU
		{A3205805-E6DD-458F-9751-0C22CBDD9953}.Release|Any CPU.ActiveCfg = Release|Any CPU
		{A3205805-E6DD-458F-9751-0C22CBDD9953}.Release|Any CPU.Build.0 = Release|Any CPU
		{25560C4D-A596-40E5-8CFC-D8321F78531A}.Debug|Any CPU.ActiveCfg = Debug|Any CPU
		{25560C4D-A596-40E5-8CFC-D8321F78531A}.Debug|Any CPU.Build.0 = Debug|Any CPU
		{25560C4D-A596-40E5-8CFC-D8321F78531A}.Release|Any CPU.ActiveCfg = Release|Any CPU
		{25560C4D-A596-40E5-8CFC-D8321F78531A}.Release|Any CPU.Build.0 = Release|Any CPU
		{2B4137C7-6EE4-441E-893C-C2CA1EA9F5A5}.Debug|Any CPU.ActiveCfg = Debug|Any CPU
		{2B4137C7-6EE4-441E-893C-C2CA1EA9F5A5}.Debug|Any CPU.Build.0 = Debug|Any CPU
		{2B4137C7-6EE4-441E-893C-C2CA1EA9F5A5}.Release|Any CPU.ActiveCfg = Release|Any CPU
		{2B4137C7-6EE4-441E-893C-C2CA1EA9F5A5}.Release|Any CPU.Build.0 = Release|Any CPU
		{4CF9E337-AC4B-40EB-8DC1-30E042EF78F1}.Debug|Any CPU.ActiveCfg = Debug|Any CPU
		{4CF9E337-AC4B-40EB-8DC1-30E042EF78F1}.Debug|Any CPU.Build.0 = Debug|Any CPU
		{4CF9E337-AC4B-40EB-8DC1-30E042EF78F1}.Release|Any CPU.ActiveCfg = Release|Any CPU
		{4CF9E337-AC4B-40EB-8DC1-30E042EF78F1}.Release|Any CPU.Build.0 = Release|Any CPU
		{6558BC72-CB38-4222-A27A-0959042E020B}.Debug|Any CPU.ActiveCfg = Debug|Any CPU
		{6558BC72-CB38-4222-A27A-0959042E020B}.Debug|Any CPU.Build.0 = Debug|Any CPU
		{6558BC72-CB38-4222-A27A-0959042E020B}.Release|Any CPU.ActiveCfg = Release|Any CPU
		{6558BC72-CB38-4222-A27A-0959042E020B}.Release|Any CPU.Build.0 = Release|Any CPU
		{0E2ABF5E-A0BD-4B70-B602-8EFD432C24F9}.Debug|Any CPU.ActiveCfg = Debug|Any CPU
		{0E2ABF5E-A0BD-4B70-B602-8EFD432C24F9}.Debug|Any CPU.Build.0 = Debug|Any CPU
		{0E2ABF5E-A0BD-4B70-B602-8EFD432C24F9}.Release|Any CPU.ActiveCfg = Release|Any CPU
		{0E2ABF5E-A0BD-4B70-B602-8EFD432C24F9}.Release|Any CPU.Build.0 = Release|Any CPU
		{31CDD7EF-6DAE-48CE-B954-F85F98BA2301}.Debug|Any CPU.ActiveCfg = Debug|Any CPU
		{31CDD7EF-6DAE-48CE-B954-F85F98BA2301}.Debug|Any CPU.Build.0 = Debug|Any CPU
		{31CDD7EF-6DAE-48CE-B954-F85F98BA2301}.Release|Any CPU.ActiveCfg = Release|Any CPU
		{31CDD7EF-6DAE-48CE-B954-F85F98BA2301}.Release|Any CPU.Build.0 = Release|Any CPU
		{14504C23-8902-4FD1-B5FE-8966CC55F1D2}.Debug|Any CPU.ActiveCfg = Debug|Any CPU
		{14504C23-8902-4FD1-B5FE-8966CC55F1D2}.Debug|Any CPU.Build.0 = Debug|Any CPU
		{14504C23-8902-4FD1-B5FE-8966CC55F1D2}.Release|Any CPU.ActiveCfg = Release|Any CPU
		{14504C23-8902-4FD1-B5FE-8966CC55F1D2}.Release|Any CPU.Build.0 = Release|Any CPU
		{7AEA86B0-F24B-40F0-B0F1-37E5B4FE0E3A}.Debug|Any CPU.ActiveCfg = Debug|Any CPU
		{7AEA86B0-F24B-40F0-B0F1-37E5B4FE0E3A}.Debug|Any CPU.Build.0 = Debug|Any CPU
		{7AEA86B0-F24B-40F0-B0F1-37E5B4FE0E3A}.Release|Any CPU.ActiveCfg = Release|Any CPU
		{7AEA86B0-F24B-40F0-B0F1-37E5B4FE0E3A}.Release|Any CPU.Build.0 = Release|Any CPU
		{80BE90AD-1444-4CB9-BB42-DF71DBFFC3DC}.Debug|Any CPU.ActiveCfg = Debug|Any CPU
		{80BE90AD-1444-4CB9-BB42-DF71DBFFC3DC}.Debug|Any CPU.Build.0 = Debug|Any CPU
		{80BE90AD-1444-4CB9-BB42-DF71DBFFC3DC}.Release|Any CPU.ActiveCfg = Release|Any CPU
		{80BE90AD-1444-4CB9-BB42-DF71DBFFC3DC}.Release|Any CPU.Build.0 = Release|Any CPU
		{4257808F-8255-46E4-81E6-C9E10DA0A38F}.Debug|Any CPU.ActiveCfg = Debug|Any CPU
		{4257808F-8255-46E4-81E6-C9E10DA0A38F}.Debug|Any CPU.Build.0 = Debug|Any CPU
		{4257808F-8255-46E4-81E6-C9E10DA0A38F}.Release|Any CPU.ActiveCfg = Release|Any CPU
		{4257808F-8255-46E4-81E6-C9E10DA0A38F}.Release|Any CPU.Build.0 = Release|Any CPU
		{E47D7975-B189-46F9-B000-77D141BA52DC}.Debug|Any CPU.ActiveCfg = Debug|Any CPU
		{E47D7975-B189-46F9-B000-77D141BA52DC}.Debug|Any CPU.Build.0 = Debug|Any CPU
		{E47D7975-B189-46F9-B000-77D141BA52DC}.Release|Any CPU.ActiveCfg = Release|Any CPU
		{E47D7975-B189-46F9-B000-77D141BA52DC}.Release|Any CPU.Build.0 = Release|Any CPU
		{DF2D9500-62AC-4D46-812C-52DD76C4B3E8}.Debug|Any CPU.ActiveCfg = Debug|Any CPU
		{DF2D9500-62AC-4D46-812C-52DD76C4B3E8}.Debug|Any CPU.Build.0 = Debug|Any CPU
		{DF2D9500-62AC-4D46-812C-52DD76C4B3E8}.Release|Any CPU.ActiveCfg = Release|Any CPU
		{DF2D9500-62AC-4D46-812C-52DD76C4B3E8}.Release|Any CPU.Build.0 = Release|Any CPU
		{6D984FCA-D4F6-4236-8B00-E80473A1F04D}.Debug|Any CPU.ActiveCfg = Debug|Any CPU
		{6D984FCA-D4F6-4236-8B00-E80473A1F04D}.Debug|Any CPU.Build.0 = Debug|Any CPU
		{6D984FCA-D4F6-4236-8B00-E80473A1F04D}.Release|Any CPU.ActiveCfg = Release|Any CPU
		{6D984FCA-D4F6-4236-8B00-E80473A1F04D}.Release|Any CPU.Build.0 = Release|Any CPU
		{CA599B4C-BD15-4AB2-8C5B-8519B844F9E9}.Debug|Any CPU.ActiveCfg = Debug|Any CPU
		{CA599B4C-BD15-4AB2-8C5B-8519B844F9E9}.Debug|Any CPU.Build.0 = Debug|Any CPU
		{CA599B4C-BD15-4AB2-8C5B-8519B844F9E9}.Release|Any CPU.ActiveCfg = Release|Any CPU
		{CA599B4C-BD15-4AB2-8C5B-8519B844F9E9}.Release|Any CPU.Build.0 = Release|Any CPU
		{72925221-D29E-471A-A30F-7C4309BC5974}.Debug|Any CPU.ActiveCfg = Debug|Any CPU
		{72925221-D29E-471A-A30F-7C4309BC5974}.Debug|Any CPU.Build.0 = Debug|Any CPU
		{72925221-D29E-471A-A30F-7C4309BC5974}.Release|Any CPU.ActiveCfg = Release|Any CPU
		{72925221-D29E-471A-A30F-7C4309BC5974}.Release|Any CPU.Build.0 = Release|Any CPU
	EndGlobalSection
	GlobalSection(SolutionProperties) = preSolution
		HideSolutionNode = FALSE
	EndGlobalSection
	GlobalSection(NestedProjects) = preSolution
		{A3205805-E6DD-458F-9751-0C22CBDD9953} = {28F58E6D-DD16-4DC1-975C-7C66240C2899}
		{25560C4D-A596-40E5-8CFC-D8321F78531A} = {92BD5554-7409-46B8-8A51-C74E09484853}
		{2B4137C7-6EE4-441E-893C-C2CA1EA9F5A5} = {167873C0-26C0-41CC-8B3B-5A593042E8F9}
		{4CF9E337-AC4B-40EB-8DC1-30E042EF78F1} = {180491ED-C1E3-45BD-A410-FFE91BC0ADC5}
		{6558BC72-CB38-4222-A27A-0959042E020B} = {92BD5554-7409-46B8-8A51-C74E09484853}
		{0E2ABF5E-A0BD-4B70-B602-8EFD432C24F9} = {92BD5554-7409-46B8-8A51-C74E09484853}
		{31CDD7EF-6DAE-48CE-B954-F85F98BA2301} = {92BD5554-7409-46B8-8A51-C74E09484853}
		{14504C23-8902-4FD1-B5FE-8966CC55F1D2} = {180491ED-C1E3-45BD-A410-FFE91BC0ADC5}
		{7AEA86B0-F24B-40F0-B0F1-37E5B4FE0E3A} = {180491ED-C1E3-45BD-A410-FFE91BC0ADC5}
		{80BE90AD-1444-4CB9-BB42-DF71DBFFC3DC} = {180491ED-C1E3-45BD-A410-FFE91BC0ADC5}
		{4257808F-8255-46E4-81E6-C9E10DA0A38F} = {28F58E6D-DD16-4DC1-975C-7C66240C2899}
		{E47D7975-B189-46F9-B000-77D141BA52DC} = {28F58E6D-DD16-4DC1-975C-7C66240C2899}
		{DF2D9500-62AC-4D46-812C-52DD76C4B3E8} = {28F58E6D-DD16-4DC1-975C-7C66240C2899}
		{6D984FCA-D4F6-4236-8B00-E80473A1F04D} = {167873C0-26C0-41CC-8B3B-5A593042E8F9}
		{CA599B4C-BD15-4AB2-8C5B-8519B844F9E9} = {167873C0-26C0-41CC-8B3B-5A593042E8F9}
		{72925221-D29E-471A-A30F-7C4309BC5974} = {167873C0-26C0-41CC-8B3B-5A593042E8F9}
	EndGlobalSection
	GlobalSection(ExtensibilityGlobals) = postSolution
		SolutionGuid = {535D10BB-DDD0-44C1-9222-6CA274750539}
	EndGlobalSection
EndGlobal
